
Microsoft Visual Studio Solution File, Format Version 12.00
# Visual Studio Version 16
VisualStudioVersion = 16.0.31702.278
MinimumVisualStudioVersion = 10.0.40219.1
Project("{FAE04EC0-301F-11D3-BF4B-00C04F79EFBC}") = "ZooApplication1", "ZooApplication1.csproj", "{7D0493B6-6428-468B-B81B-F6C0A85C7627}"
EndProject
Global
	GlobalSection(SolutionConfigurationPlatforms) = preSolution
		Debug|Any CPU = Debug|Any CPU
		Release|Any CPU = Release|Any CPU
	EndGlobalSection
	GlobalSection(ProjectConfigurationPlatforms) = postSolution
		{7D0493B6-6428-468B-B81B-F6C0A85C7627}.Debug|Any CPU.ActiveCfg = Debug|Any CPU
		{7D0493B6-6428-468B-B81B-F6C0A85C7627}.Debug|Any CPU.Build.0 = Debug|Any CPU
		{7D0493B6-6428-468B-B81B-F6C0A85C7627}.Release|Any CPU.ActiveCfg = Release|Any CPU
		{7D0493B6-6428-468B-B81B-F6C0A85C7627}.Release|Any CPU.Build.0 = Release|Any CPU
	EndGlobalSection
	GlobalSection(SolutionProperties) = preSolution
		HideSolutionNode = FALSE
	EndGlobalSection
	GlobalSection(ExtensibilityGlobals) = postSolution
		SolutionGuid = {60ADDA38-44C7-4869-9490-1F985A8038C7}
	EndGlobalSection
EndGlobal
